
Microsoft Visual Studio Solution File, Format Version 12.00
# Visual Studio Version 16
VisualStudioVersion = 16.0.30907.101
MinimumVisualStudioVersion = 10.0.40219.1
Project("{FAE04EC0-301F-11D3-BF4B-00C04F79EFBC}") = "C04_Editor", "C04_Editor\C04_Editor.csproj", "{13C5A349-C47D-4DA9-BBC3-24958D2152EE}"
EndProject
Global
	GlobalSection(SolutionConfigurationPlatforms) = preSolution
		Debug|Any CPU = Debug|Any CPU
		Release|Any CPU = Release|Any CPU
	EndGlobalSection
	GlobalSection(ProjectConfigurationPlatforms) = postSolution
		{13C5A349-C47D-4DA9-BBC3-24958D2152EE}.Debug|Any CPU.ActiveCfg = Debug|Any CPU
		{13C5A349-C47D-4DA9-BBC3-24958D2152EE}.Debug|Any CPU.Build.0 = Debug|Any CPU
		{13C5A349-C47D-4DA9-BBC3-24958D2152EE}.Release|Any CPU.ActiveCfg = Release|Any CPU
		{13C5A349-C47D-4DA9-BBC3-24958D2152EE}.Release|Any CPU.Build.0 = Release|Any CPU
	EndGlobalSection
	GlobalSection(SolutionProperties) = preSolution
		HideSolutionNode = FALSE
	EndGlobalSection
	GlobalSection(ExtensibilityGlobals) = postSolution
		SolutionGuid = {CFD6E176-DA03-40F3-BCC1-D5088DBF0FAD}
	EndGlobalSection
EndGlobal
