
Microsoft Visual Studio Solution File, Format Version 12.00
# Visual Studio Version 16
VisualStudioVersion = 16.0.31019.35
MinimumVisualStudioVersion = 10.0.40219.1
Project("{FAE04EC0-301F-11D3-BF4B-00C04F79EFBC}") = "WindowsFormsApp1", "WindowsFormsApp1\WindowsFormsApp1.csproj", "{942950F9-6132-4C87-BFBB-55E450DD3A59}"
EndProject
Global
	GlobalSection(SolutionConfigurationPlatforms) = preSolution
		Debug|Any CPU = Debug|Any CPU
		Release|Any CPU = Release|Any CPU
	EndGlobalSection
	GlobalSection(ProjectConfigurationPlatforms) = postSolution
		{942950F9-6132-4C87-BFBB-55E450DD3A59}.Debug|Any CPU.ActiveCfg = Debug|Any CPU
		{942950F9-6132-4C87-BFBB-55E450DD3A59}.Debug|Any CPU.Build.0 = Debug|Any CPU
		{942950F9-6132-4C87-BFBB-55E450DD3A59}.Release|Any CPU.ActiveCfg = Release|Any CPU
		{942950F9-6132-4C87-BFBB-55E450DD3A59}.Release|Any CPU.Build.0 = Release|Any CPU
	EndGlobalSection
	GlobalSection(SolutionProperties) = preSolution
		HideSolutionNode = FALSE
	EndGlobalSection
	GlobalSection(ExtensibilityGlobals) = postSolution
		SolutionGuid = {0FF6DFDF-C6F5-4BEF-9380-0C2032833C2D}
	EndGlobalSection
EndGlobal
