
Microsoft Visual Studio Solution File, Format Version 12.00
# Visual Studio Version 16
VisualStudioVersion = 16.0.30907.101
MinimumVisualStudioVersion = 10.0.40219.1
Project("{FAE04EC0-301F-11D3-BF4B-00C04F79EFBC}") = "C02_Controale_grafice", "C02_Controale_grafice\C02_Controale_grafice.csproj", "{EA20179E-EED9-4533-92AC-18D10A7459A6}"
EndProject
Global
	GlobalSection(SolutionConfigurationPlatforms) = preSolution
		Debug|Any CPU = Debug|Any CPU
		Release|Any CPU = Release|Any CPU
	EndGlobalSection
	GlobalSection(ProjectConfigurationPlatforms) = postSolution
		{EA20179E-EED9-4533-92AC-18D10A7459A6}.Debug|Any CPU.ActiveCfg = Debug|Any CPU
		{EA20179E-EED9-4533-92AC-18D10A7459A6}.Debug|Any CPU.Build.0 = Debug|Any CPU
		{EA20179E-EED9-4533-92AC-18D10A7459A6}.Release|Any CPU.ActiveCfg = Release|Any CPU
		{EA20179E-EED9-4533-92AC-18D10A7459A6}.Release|Any CPU.Build.0 = Release|Any CPU
	EndGlobalSection
	GlobalSection(SolutionProperties) = preSolution
		HideSolutionNode = FALSE
	EndGlobalSection
	GlobalSection(ExtensibilityGlobals) = postSolution
		SolutionGuid = {6E963F0D-D8E6-4468-BDB4-0ED6DE523B56}
	EndGlobalSection
EndGlobal
